
Microsoft Visual Studio Solution File, Format Version 12.00
# Visual Studio Version 16
VisualStudioVersion = 16.0.32228.343
MinimumVisualStudioVersion = 10.0.40219.1
Project("{9A19103F-16F7-4668-BE54-9A1E7A4F7556}") = "OriginalCode", "OriginalCode\OriginalCode.csproj", "{CFE062DC-8135-486F-9671-91CEB174AF2F}"
EndProject
Project("{2150E333-8FDC-42A3-9474-1A3956D46DE8}") = "Solution Items", "Solution Items", "{F3ABA239-48B3-4899-985E-4875BDD96A83}"
EndProject
Global
	GlobalSection(SolutionConfigurationPlatforms) = preSolution
		Debug|Any CPU = Debug|Any CPU
		Release|Any CPU = Release|Any CPU
	EndGlobalSection
	GlobalSection(ProjectConfigurationPlatforms) = postSolution
		{CFE062DC-8135-486F-9671-91CEB174AF2F}.Debug|Any CPU.ActiveCfg = Debug|Any CPU
		{CFE062DC-8135-486F-9671-91CEB174AF2F}.Debug|Any CPU.Build.0 = Debug|Any CPU
		{CFE062DC-8135-486F-9671-91CEB174AF2F}.Release|Any CPU.ActiveCfg = Release|Any CPU
		{CFE062DC-8135-486F-9671-91CEB174AF2F}.Release|Any CPU.Build.0 = Release|Any CPU
	EndGlobalSection
	GlobalSection(SolutionProperties) = preSolution
		HideSolutionNode = FALSE
	EndGlobalSection
	GlobalSection(ExtensibilityGlobals) = postSolution
		SolutionGuid = {16D00A8B-7A8E-4AD2-94FC-0A8816F39D7A}
	EndGlobalSection
EndGlobal
