
Microsoft Visual Studio Solution File, Format Version 12.00
# Visual Studio Version 16
VisualStudioVersion = 16.0.32228.343
MinimumVisualStudioVersion = 10.0.40219.1
Project("{FAE04EC0-301F-11D3-BF4B-00C04F79EFBC}") = "OriginalCode", "OriginalCode\OriginalCode.csproj", "{CFE062DC-8135-486F-9671-91CEB174AF2F}"
EndProject
Global
	GlobalSection(SolutionConfigurationPlatforms) = preSolution
		Debug|Any CPU = Debug|Any CPU
		Release|Any CPU = Release|Any CPU
	EndGlobalSection
	GlobalSection(ProjectConfigurationPlatforms) = postSolution
		{CFE062DC-8135-486F-9671-91CEB174AF2F}.Debug|Any CPU.ActiveCfg = Debug|Any CPU
		{CFE062DC-8135-486F-9671-91CEB174AF2F}.Debug|Any CPU.Build.0 = Debug|Any CPU
		{CFE062DC-8135-486F-9671-91CEB174AF2F}.Release|Any CPU.ActiveCfg = Release|Any CPU
		{CFE062DC-8135-486F-9671-91CEB174AF2F}.Release|Any CPU.Build.0 = Release|Any CPU
	EndGlobalSection
	GlobalSection(SolutionProperties) = preSolution
		HideSolutionNode = FALSE
	EndGlobalSection
	GlobalSection(ExtensibilityGlobals) = postSolution
		SolutionGuid = {16D00A8B-7A8E-4AD2-94FC-0A8816F39D7A}
	EndGlobalSection
EndGlobal
